// !$*UTF8*$!
{
	archiveVersion = 1;
	classes = {
	};
	objectVersion = 56;
	objects = {

/* Begin PBXBuildFile section */
		090A2B5C2BB3B99B00B46BA4 /* AppDelegate.swift in Sources */ = {isa = PBXBuildFile; fileRef = 090A2B5B2BB3B99B00B46BA4 /* AppDelegate.swift */; };
		090A2B5E2BB3B99B00B46BA4 /* SceneDelegate.swift in Sources */ = {isa = PBXBuildFile; fileRef = 090A2B5D2BB3B99B00B46BA4 /* SceneDelegate.swift */; };
		090A2B602BB3B99B00B46BA4 /* ViewController.swift in Sources */ = {isa = PBXBuildFile; fileRef = 090A2B5F2BB3B99B00B46BA4 /* ViewController.swift */; };
		090A2B632BB3B99B00B46BA4 /* Base in Resources */ = {isa = PBXBuildFile; fileRef = 090A2B622BB3B99B00B46BA4 /* Base */; };
		090A2B652BB3B9A700B46BA4 /* Assets.xcassets in Resources */ = {isa = PBXBuildFile; fileRef = 090A2B642BB3B9A700B46BA4 /* Assets.xcassets */; };
		090A2B682BB3B9A700B46BA4 /* Base in Resources */ = {isa = PBXBuildFile; fileRef = 090A2B672BB3B9A700B46BA4 /* Base */; };
		090A2B732BB3B9A700B46BA4 /* Udemy_XcodeTests.swift in Sources */ = {isa = PBXBuildFile; fileRef = 090A2B722BB3B9A700B46BA4 /* Udemy_XcodeTests.swift */; };
		090A2B7D2BB3B9A700B46BA4 /* Udemy_XcodeUITests.swift in Sources */ = {isa = PBXBuildFile; fileRef = 090A2B7C2BB3B9A700B46BA4 /* Udemy_XcodeUITests.swift */; };
		090A2B7F2BB3B9A700B46BA4 /* Udemy_XcodeUITestsLaunchTests.swift in Sources */ = {isa = PBXBuildFile; fileRef = 090A2B7E2BB3B9A700B46BA4 /* Udemy_XcodeUITestsLaunchTests.swift */; };
/* End PBXBuildFile section */

/* Begin PBXContainerItemProxy section */
		090A2B6F2BB3B9A700B46BA4 /* PBXContainerItemProxy */ = {
			isa = PBXContainerItemProxy;
			containerPortal = 090A2B502BB3B99B00B46BA4 /* Project object */;
			proxyType = 1;
			remoteGlobalIDString = 090A2B572BB3B99B00B46BA4;
			remoteInfo = "Udemy Xcode";
		};
		090A2B792BB3B9A700B46BA4 /* PBXContainerItemProxy */ = {
			isa = PBXContainerItemProxy;
			containerPortal = 090A2B502BB3B99B00B46BA4 /* Project object */;
			proxyType = 1;
			remoteGlobalIDString = 090A2B572BB3B99B00B46BA4;
			remoteInfo = "Udemy Xcode";
		};
/* End PBXContainerItemProxy section */

/* Begin PBXFileReference section */
		090A2B582BB3B99B00B46BA4 /* Udemy Xcode.app */ = {isa = PBXFileReference; explicitFileType = wrapper.application; includeInIndex = 0; path = "Udemy Xcode.app"; sourceTree = BUILT_PRODUCTS_DIR; };
		090A2B5B2BB3B99B00B46BA4 /* AppDelegate.swift */ = {isa = PBXFileReference; lastKnownFileType = sourcecode.swift; path = AppDelegate.swift; sourceTree = "<group>"; };
		090A2B5D2BB3B99B00B46BA4 /* SceneDelegate.swift */ = {isa = PBXFileReference; lastKnownFileType = sourcecode.swift; path = SceneDelegate.swift; sourceTree = "<group>"; };
		090A2B5F2BB3B99B00B46BA4 /* ViewController.swift */ = {isa = PBXFileReference; lastKnownFileType = sourcecode.swift; path = ViewController.swift; sourceTree = "<group>"; };
		090A2B622BB3B99B00B46BA4 /* Base */ = {isa = PBXFileReference; lastKnownFileType = file.storyboard; name = Base; path = Base.lproj/Main.storyboard; sourceTree = "<group>"; };
		090A2B642BB3B9A700B46BA4 /* Assets.xcassets */ = {isa = PBXFileReference; lastKnownFileType = folder.assetcatalog; path = Assets.xcassets; sourceTree = "<group>"; };
		090A2B672BB3B9A700B46BA4 /* Base */ = {isa = PBXFileReference; lastKnownFileType = file.storyboard; name = Base; path = Base.lproj/LaunchScreen.storyboard; sourceTree = "<group>"; };
		090A2B692BB3B9A700B46BA4 /* Info.plist */ = {isa = PBXFileReference; lastKnownFileType = text.plist.xml; path = Info.plist; sourceTree = "<group>"; };
		090A2B6E2BB3B9A700B46BA4 /* Udemy XcodeTests.xctest */ = {isa = PBXFileReference; explicitFileType = wrapper.cfbundle; includeInIndex = 0; path = "Udemy XcodeTests.xctest"; sourceTree = BUILT_PRODUCTS_DIR; };
		090A2B722BB3B9A700B46BA4 /* Udemy_XcodeTests.swift */ = {isa = PBXFileReference; lastKnownFileType = sourcecode.swift; path = Udemy_XcodeTests.swift; sourceTree = "<group>"; };
		090A2B782BB3B9A700B46BA4 /* Udemy XcodeUITests.xctest */ = {isa = PBXFileReference; explicitFileType = wrapper.cfbundle; includeInIndex = 0; path = "Udemy XcodeUITests.xctest"; sourceTree = BUILT_PRODUCTS_DIR; };
		090A2B7C2BB3B9A700B46BA4 /* Udemy_XcodeUITests.swift */ = {isa = PBXFileReference; lastKnownFileType = sourcecode.swift; path = Udemy_XcodeUITests.swift; sourceTree = "<group>"; };
		090A2B7E2BB3B9A700B46BA4 /* Udemy_XcodeUITestsLaunchTests.swift */ = {isa = PBXFileReference; lastKnownFileType = sourcecode.swift; path = Udemy_XcodeUITestsLaunchTests.swift; sourceTree = "<group>"; };
		090A2B8D2BB3CAFB00B46BA4 /* Comentarios.playground */ = {isa = PBXFileReference; lastKnownFileType = file.playground; path = Comentarios.playground; sourceTree = "<group>"; xcLanguageSpecificationIdentifier = xcode.lang.swift; };
		090A2B8E2BB3CE5B00B46BA4 /* let_y_var.playground */ = {isa = PBXFileReference; lastKnownFileType = file.playground; path = let_y_var.playground; sourceTree = "<group>"; xcLanguageSpecificationIdentifier = xcode.lang.swift; };
		090A2B902BB3D39000B46BA4 /* Declaración_multiple.playground */ = {isa = PBXFileReference; lastKnownFileType = file.playground; path = "Declaración_multiple.playground"; sourceTree = "<group>"; xcLanguageSpecificationIdentifier = xcode.lang.swift; };
		095AF8EA2BB3E2B2004B0E5B /* Tipos_datos.playground */ = {isa = PBXFileReference; lastKnownFileType = file.playground; path = Tipos_datos.playground; sourceTree = "<group>"; xcLanguageSpecificationIdentifier = xcode.lang.swift; };
		095AF8EB2BB3E6B2004B0E5B /* Enteros_flotantes_operadoresAritmeticos.playground */ = {isa = PBXFileReference; lastKnownFileType = file.playground; path = Enteros_flotantes_operadoresAritmeticos.playground; sourceTree = "<group>"; xcLanguageSpecificationIdentifier = xcode.lang.swift; };
		095AF8EC2BB3EE41004B0E5B /* Asignacion implicita y explicita.playground */ = {isa = PBXFileReference; lastKnownFileType = file.playground; path = "Asignacion implicita y explicita.playground"; sourceTree = "<group>"; xcLanguageSpecificationIdentifier = xcode.lang.swift; };
/* End PBXFileReference section */

/* Begin PBXFrameworksBuildPhase section */
		090A2B552BB3B99B00B46BA4 /* Frameworks */ = {
			isa = PBXFrameworksBuildPhase;
			buildActionMask = 2147483647;
			files = (
			);
			runOnlyForDeploymentPostprocessing = 0;
		};
		090A2B6B2BB3B9A700B46BA4 /* Frameworks */ = {
			isa = PBXFrameworksBuildPhase;
			buildActionMask = 2147483647;
			files = (
			);
			runOnlyForDeploymentPostprocessing = 0;
		};
		090A2B752BB3B9A700B46BA4 /* Frameworks */ = {
			isa = PBXFrameworksBuildPhase;
			buildActionMask = 2147483647;
			files = (
			);
			runOnlyForDeploymentPostprocessing = 0;
		};
/* End PBXFrameworksBuildPhase section */

/* Begin PBXGroup section */
		090A2B4F2BB3B99B00B46BA4 = {
			isa = PBXGroup;
			children = (
				090A2B5A2BB3B99B00B46BA4 /* Udemy Xcode */,
				090A2B712BB3B9A700B46BA4 /* Udemy XcodeTests */,
				090A2B7B2BB3B9A700B46BA4 /* Udemy XcodeUITests */,
				090A2B592BB3B99B00B46BA4 /* Products */,
			);
			sourceTree = "<group>";
		};
		090A2B592BB3B99B00B46BA4 /* Products */ = {
			isa = PBXGroup;
			children = (
				090A2B582BB3B99B00B46BA4 /* Udemy Xcode.app */,
				090A2B6E2BB3B9A700B46BA4 /* Udemy XcodeTests.xctest */,
				090A2B782BB3B9A700B46BA4 /* Udemy XcodeUITests.xctest */,
			);
			name = Products;
			sourceTree = "<group>";
		};
		090A2B5A2BB3B99B00B46BA4 /* Udemy Xcode */ = {
			isa = PBXGroup;
			children = (
				090A2B8C2BB3CACB00B46BA4 /* Sección3 */,
				090A2B5B2BB3B99B00B46BA4 /* AppDelegate.swift */,
				090A2B5D2BB3B99B00B46BA4 /* SceneDelegate.swift */,
				090A2B5F2BB3B99B00B46BA4 /* ViewController.swift */,
				090A2B612BB3B99B00B46BA4 /* Main.storyboard */,
				090A2B642BB3B9A700B46BA4 /* Assets.xcassets */,
				090A2B662BB3B9A700B46BA4 /* LaunchScreen.storyboard */,
				090A2B692BB3B9A700B46BA4 /* Info.plist */,
			);
			path = "Udemy Xcode";
			sourceTree = "<group>";
		};
		090A2B712BB3B9A700B46BA4 /* Udemy XcodeTests */ = {
			isa = PBXGroup;
			children = (
				090A2B722BB3B9A700B46BA4 /* Udemy_XcodeTests.swift */,
			);
			path = "Udemy XcodeTests";
			sourceTree = "<group>";
		};
		090A2B7B2BB3B9A700B46BA4 /* Udemy XcodeUITests */ = {
			isa = PBXGroup;
			children = (
				090A2B7C2BB3B9A700B46BA4 /* Udemy_XcodeUITests.swift */,
				090A2B7E2BB3B9A700B46BA4 /* Udemy_XcodeUITestsLaunchTests.swift */,
			);
			path = "Udemy XcodeUITests";
			sourceTree = "<group>";
		};
		090A2B8C2BB3CACB00B46BA4 /* Sección3 */ = {
			isa = PBXGroup;
			children = (
				090A2B8D2BB3CAFB00B46BA4 /* Comentarios.playground */,
				090A2B8E2BB3CE5B00B46BA4 /* let_y_var.playground */,
				090A2B902BB3D39000B46BA4 /* Declaración_multiple.playground */,
				095AF8EA2BB3E2B2004B0E5B /* Tipos_datos.playground */,
				095AF8EB2BB3E6B2004B0E5B /* Enteros_flotantes_operadoresAritmeticos.playground */,
				095AF8EC2BB3EE41004B0E5B /* Asignacion implicita y explicita.playground */,
			);
			name = "Sección3";
			path = "Sección3";
			sourceTree = "<group>";
		};
/* End PBXGroup section */

/* Begin PBXNativeTarget section */
		090A2B572BB3B99B00B46BA4 /* Udemy Xcode */ = {
			isa = PBXNativeTarget;
			buildConfigurationList = 090A2B822BB3B9A700B46BA4 /* Build configuration list for PBXNativeTarget "Udemy Xcode" */;
			buildPhases = (
				090A2B542BB3B99B00B46BA4 /* Sources */,
				090A2B552BB3B99B00B46BA4 /* Frameworks */,
				090A2B562BB3B99B00B46BA4 /* Resources */,
			);
			buildRules = (
			);
			dependencies = (
			);
			name = "Udemy Xcode";
			productName = "Udemy Xcode";
			productReference = 090A2B582BB3B99B00B46BA4 /* Udemy Xcode.app */;
			productType = "com.apple.product-type.application";
		};
		090A2B6D2BB3B9A700B46BA4 /* Udemy XcodeTests */ = {
			isa = PBXNativeTarget;
			buildConfigurationList = 090A2B852BB3B9A700B46BA4 /* Build configuration list for PBXNativeTarget "Udemy XcodeTests" */;
			buildPhases = (
				090A2B6A2BB3B9A700B46BA4 /* Sources */,
				090A2B6B2BB3B9A700B46BA4 /* Frameworks */,
				090A2B6C2BB3B9A700B46BA4 /* Resources */,
			);
			buildRules = (
			);
			dependencies = (
				090A2B702BB3B9A700B46BA4 /* PBXTargetDependency */,
			);
			name = "Udemy XcodeTests";
			productName = "Udemy XcodeTests";
			productReference = 090A2B6E2BB3B9A700B46BA4 /* Udemy XcodeTests.xctest */;
			productType = "com.apple.product-type.bundle.unit-test";
		};
		090A2B772BB3B9A700B46BA4 /* Udemy XcodeUITests */ = {
			isa = PBXNativeTarget;
			buildConfigurationList = 090A2B882BB3B9A700B46BA4 /* Build configuration list for PBXNativeTarget "Udemy XcodeUITests" */;
			buildPhases = (
				090A2B742BB3B9A700B46BA4 /* Sources */,
				090A2B752BB3B9A700B46BA4 /* Frameworks */,
				090A2B762BB3B9A700B46BA4 /* Resources */,
			);
			buildRules = (
			);
			dependencies = (
				090A2B7A2BB3B9A700B46BA4 /* PBXTargetDependency */,
			);
			name = "Udemy XcodeUITests";
			productName = "Udemy XcodeUITests";
			productReference = 090A2B782BB3B9A700B46BA4 /* Udemy XcodeUITests.xctest */;
			productType = "com.apple.product-type.bundle.ui-testing";
		};
/* End PBXNativeTarget section */

/* Begin PBXProject section */
		090A2B502BB3B99B00B46BA4 /* Project object */ = {
			isa = PBXProject;
			attributes = {
				BuildIndependentTargetsInParallel = 1;
				LastSwiftUpdateCheck = 1530;
				LastUpgradeCheck = 1530;
				TargetAttributes = {
					090A2B572BB3B99B00B46BA4 = {
						CreatedOnToolsVersion = 15.3;
					};
					090A2B6D2BB3B9A700B46BA4 = {
						CreatedOnToolsVersion = 15.3;
						TestTargetID = 090A2B572BB3B99B00B46BA4;
					};
					090A2B772BB3B9A700B46BA4 = {
						CreatedOnToolsVersion = 15.3;
						TestTargetID = 090A2B572BB3B99B00B46BA4;
					};
				};
			};
			buildConfigurationList = 090A2B532BB3B99B00B46BA4 /* Build configuration list for PBXProject "Udemy Xcode" */;
			compatibilityVersion = "Xcode 14.0";
			developmentRegion = en;
			hasScannedForEncodings = 0;
			knownRegions = (
				en,
				Base,
			);
			mainGroup = 090A2B4F2BB3B99B00B46BA4;
			productRefGroup = 090A2B592BB3B99B00B46BA4 /* Products */;
			projectDirPath = "";
			projectRoot = "";
			targets = (
				090A2B572BB3B99B00B46BA4 /* Udemy Xcode */,
				090A2B6D2BB3B9A700B46BA4 /* Udemy XcodeTests */,
				090A2B772BB3B9A700B46BA4 /* Udemy XcodeUITests */,
			);
		};
/* End PBXProject section */

/* Begin PBXResourcesBuildPhase section */
		090A2B562BB3B99B00B46BA4 /* Resources */ = {
			isa = PBXResourcesBuildPhase;
			buildActionMask = 2147483647;
			files = (
				090A2B652BB3B9A700B46BA4 /* Assets.xcassets in Resources */,
				090A2B682BB3B9A700B46BA4 /* Base in Resources */,
				090A2B632BB3B99B00B46BA4 /* Base in Resources */,
			);
			runOnlyForDeploymentPostprocessing = 0;
		};
		090A2B6C2BB3B9A700B46BA4 /* Resources */ = {
			isa = PBXResourcesBuildPhase;
			buildActionMask = 2147483647;
			files = (
			);
			runOnlyForDeploymentPostprocessing = 0;
		};
		090A2B762BB3B9A700B46BA4 /* Resources */ = {
			isa = PBXResourcesBuildPhase;
			buildActionMask = 2147483647;
			files = (
			);
			runOnlyForDeploymentPostprocessing = 0;
		};
/* End PBXResourcesBuildPhase section */

/* Begin PBXSourcesBuildPhase section */
		090A2B542BB3B99B00B46BA4 /* Sources */ = {
			isa = PBXSourcesBuildPhase;
			buildActionMask = 2147483647;
			files = (
				090A2B602BB3B99B00B46BA4 /* ViewController.swift in Sources */,
				090A2B5C2BB3B99B00B46BA4 /* AppDelegate.swift in Sources */,
				090A2B5E2BB3B99B00B46BA4 /* SceneDelegate.swift in Sources */,
			);
			runOnlyForDeploymentPostprocessing = 0;
		};
		090A2B6A2BB3B9A700B46BA4 /* Sources */ = {
			isa = PBXSourcesBuildPhase;
			buildActionMask = 2147483647;
			files = (
				090A2B732BB3B9A700B46BA4 /* Udemy_XcodeTests.swift in Sources */,
			);
			runOnlyForDeploymentPostprocessing = 0;
		};
		090A2B742BB3B9A700B46BA4 /* Sources */ = {
			isa = PBXSourcesBuildPhase;
			buildActionMask = 2147483647;
			files = (
				090A2B7D2BB3B9A700B46BA4 /* Udemy_XcodeUITests.swift in Sources */,
				090A2B7F2BB3B9A700B46BA4 /* Udemy_XcodeUITestsLaunchTests.swift in Sources */,
			);
			runOnlyForDeploymentPostprocessing = 0;
		};
/* End PBXSourcesBuildPhase section */

/* Begin PBXTargetDependency section */
		090A2B702BB3B9A700B46BA4 /* PBXTargetDependency */ = {
			isa = PBXTargetDependency;
			target = 090A2B572BB3B99B00B46BA4 /* Udemy Xcode */;
			targetProxy = 090A2B6F2BB3B9A700B46BA4 /* PBXContainerItemProxy */;
		};
		090A2B7A2BB3B9A700B46BA4 /* PBXTargetDependency */ = {
			isa = PBXTargetDependency;
			target = 090A2B572BB3B99B00B46BA4 /* Udemy Xcode */;
			targetProxy = 090A2B792BB3B9A700B46BA4 /* PBXContainerItemProxy */;
		};
/* End PBXTargetDependency section */

/* Begin PBXVariantGroup section */
		090A2B612BB3B99B00B46BA4 /* Main.storyboard */ = {
			isa = PBXVariantGroup;
			children = (
				090A2B622BB3B99B00B46BA4 /* Base */,
			);
			name = Main.storyboard;
			sourceTree = "<group>";
		};
		090A2B662BB3B9A700B46BA4 /* LaunchScreen.storyboard */ = {
			isa = PBXVariantGroup;
			children = (
				090A2B672BB3B9A700B46BA4 /* Base */,
			);
			name = LaunchScreen.storyboard;
			sourceTree = "<group>";
		};
/* End PBXVariantGroup section */

/* Begin XCBuildConfiguration section */
		090A2B802BB3B9A700B46BA4 /* Debug */ = {
			isa = XCBuildConfiguration;
			buildSettings = {
				ALWAYS_SEARCH_USER_PATHS = NO;
				ASSETCATALOG_COMPILER_GENERATE_SWIFT_ASSET_SYMBOL_EXTENSIONS = YES;
				CLANG_ANALYZER_NONNULL = YES;
				CLANG_ANALYZER_NUMBER_OBJECT_CONVERSION = YES_AGGRESSIVE;
				CLANG_CXX_LANGUAGE_STANDARD = "gnu++20";
				CLANG_ENABLE_MODULES = YES;
				CLANG_ENABLE_OBJC_ARC = YES;
				CLANG_ENABLE_OBJC_WEAK = YES;
				CLANG_WARN_BLOCK_CAPTURE_AUTORELEASING = YES;
				CLANG_WARN_BOOL_CONVERSION = YES;
				CLANG_WARN_COMMA = YES;
				CLANG_WARN_CONSTANT_CONVERSION = YES;
				CLANG_WARN_DEPRECATED_OBJC_IMPLEMENTATIONS = YES;
				CLANG_WARN_DIRECT_OBJC_ISA_USAGE = YES_ERROR;
				CLANG_WARN_DOCUMENTATION_COMMENTS = YES;
				CLANG_WARN_EMPTY_BODY = YES;
				CLANG_WARN_ENUM_CONVERSION = YES;
				CLANG_WARN_INFINITE_RECURSION = YES;
				CLANG_WARN_INT_CONVERSION = YES;
				CLANG_WARN_NON_LITERAL_NULL_CONVERSION = YES;
				CLANG_WARN_OBJC_IMPLICIT_RETAIN_SELF = YES;
				CLANG_WARN_OBJC_LITERAL_CONVERSION = YES;
				CLANG_WARN_OBJC_ROOT_CLASS = YES_ERROR;
				CLANG_WARN_QUOTED_INCLUDE_IN_FRAMEWORK_HEADER = YES;
				CLANG_WARN_RANGE_LOOP_ANALYSIS = YES;
				CLANG_WARN_STRICT_PROTOTYPES = YES;
				CLANG_WARN_SUSPICIOUS_MOVE = YES;
				CLANG_WARN_UNGUARDED_AVAILABILITY = YES_AGGRESSIVE;
				CLANG_WARN_UNREACHABLE_CODE = YES;
				CLANG_WARN__DUPLICATE_METHOD_MATCH = YES;
				COPY_PHASE_STRIP = NO;
				DEBUG_INFORMATION_FORMAT = dwarf;
				ENABLE_STRICT_OBJC_MSGSEND = YES;
				ENABLE_TESTABILITY = YES;
				ENABLE_USER_SCRIPT_SANDBOXING = YES;
				GCC_C_LANGUAGE_STANDARD = gnu17;
				GCC_DYNAMIC_NO_PIC = NO;
				GCC_NO_COMMON_BLOCKS = YES;
				GCC_OPTIMIZATION_LEVEL = 0;
				GCC_PREPROCESSOR_DEFINITIONS = (
					"DEBUG=1",
					"$(inherited)",
				);
				GCC_WARN_64_TO_32_BIT_CONVERSION = YES;
				GCC_WARN_ABOUT_RETURN_TYPE = YES_ERROR;
				GCC_WARN_UNDECLARED_SELECTOR = YES;
				GCC_WARN_UNINITIALIZED_AUTOS = YES_AGGRESSIVE;
				GCC_WARN_UNUSED_FUNCTION = YES;
				GCC_WARN_UNUSED_VARIABLE = YES;
				IPHONEOS_DEPLOYMENT_TARGET = 17.4;
				LOCALIZATION_PREFERS_STRING_CATALOGS = YES;
				MTL_ENABLE_DEBUG_INFO = INCLUDE_SOURCE;
				MTL_FAST_MATH = YES;
				ONLY_ACTIVE_ARCH = YES;
				SDKROOT = iphoneos;
				SWIFT_ACTIVE_COMPILATION_CONDITIONS = "DEBUG $(inherited)";
				SWIFT_OPTIMIZATION_LEVEL = "-Onone";
			};
			name = Debug;
		};
		090A2B812BB3B9A700B46BA4 /* Release */ = {
			isa = XCBuildConfiguration;
			buildSettings = {
				ALWAYS_SEARCH_USER_PATHS = NO;
				ASSETCATALOG_COMPILER_GENERATE_SWIFT_ASSET_SYMBOL_EXTENSIONS = YES;
				CLANG_ANALYZER_NONNULL = YES;
				CLANG_ANALYZER_NUMBER_OBJECT_CONVERSION = YES_AGGRESSIVE;
				CLANG_CXX_LANGUAGE_STANDARD = "gnu++20";
				CLANG_ENABLE_MODULES = YES;
				CLANG_ENABLE_OBJC_ARC = YES;
				CLANG_ENABLE_OBJC_WEAK = YES;
				CLANG_WARN_BLOCK_CAPTURE_AUTORELEASING = YES;
				CLANG_WARN_BOOL_CONVERSION = YES;
				CLANG_WARN_COMMA = YES;
				CLANG_WARN_CONSTANT_CONVERSION = YES;
				CLANG_WARN_DEPRECATED_OBJC_IMPLEMENTATIONS = YES;
				CLANG_WARN_DIRECT_OBJC_ISA_USAGE = YES_ERROR;
				CLANG_WARN_DOCUMENTATION_COMMENTS = YES;
				CLANG_WARN_EMPTY_BODY = YES;
				CLANG_WARN_ENUM_CONVERSION = YES;
				CLANG_WARN_INFINITE_RECURSION = YES;
				CLANG_WARN_INT_CONVERSION = YES;
				CLANG_WARN_NON_LITERAL_NULL_CONVERSION = YES;
				CLANG_WARN_OBJC_IMPLICIT_RETAIN_SELF = YES;
				CLANG_WARN_OBJC_LITERAL_CONVERSION = YES;
				CLANG_WARN_OBJC_ROOT_CLASS = YES_ERROR;
				CLANG_WARN_QUOTED_INCLUDE_IN_FRAMEWORK_HEADER = YES;
				CLANG_WARN_RANGE_LOOP_ANALYSIS = YES;
				CLANG_WARN_STRICT_PROTOTYPES = YES;
				CLANG_WARN_SUSPICIOUS_MOVE = YES;
				CLANG_WARN_UNGUARDED_AVAILABILITY = YES_AGGRESSIVE;
				CLANG_WARN_UNREACHABLE_CODE = YES;
				CLANG_WARN__DUPLICATE_METHOD_MATCH = YES;
				COPY_PHASE_STRIP = NO;
				DEBUG_INFORMATION_FORMAT = "dwarf-with-dsym";
				ENABLE_NS_ASSERTIONS = NO;
				ENABLE_STRICT_OBJC_MSGSEND = YES;
				ENABLE_USER_SCRIPT_SANDBOXING = YES;
				GCC_C_LANGUAGE_STANDARD = gnu17;
				GCC_NO_COMMON_BLOCKS = YES;
				GCC_WARN_64_TO_32_BIT_CONVERSION = YES;
				GCC_WARN_ABOUT_RETURN_TYPE = YES_ERROR;
				GCC_WARN_UNDECLARED_SELECTOR = YES;
				GCC_WARN_UNINITIALIZED_AUTOS = YES_AGGRESSIVE;
				GCC_WARN_UNUSED_FUNCTION = YES;
				GCC_WARN_UNUSED_VARIABLE = YES;
				IPHONEOS_DEPLOYMENT_TARGET = 17.4;
				LOCALIZATION_PREFERS_STRING_CATALOGS = YES;
				MTL_ENABLE_DEBUG_INFO = NO;
				MTL_FAST_MATH = YES;
				SDKROOT = iphoneos;
				SWIFT_COMPILATION_MODE = wholemodule;
				VALIDATE_PRODUCT = YES;
			};
			name = Release;
		};
		090A2B832BB3B9A700B46BA4 /* Debug */ = {
			isa = XCBuildConfiguration;
			buildSettings = {
				ASSETCATALOG_COMPILER_APPICON_NAME = AppIcon;
				ASSETCATALOG_COMPILER_GLOBAL_ACCENT_COLOR_NAME = AccentColor;
				CODE_SIGN_STYLE = Automatic;
				CURRENT_PROJECT_VERSION = 1;
				DEVELOPMENT_TEAM = 26S4H7XC42;
				GENERATE_INFOPLIST_FILE = YES;
				INFOPLIST_FILE = "Udemy Xcode/Info.plist";
				INFOPLIST_KEY_UIApplicationSupportsIndirectInputEvents = YES;
				INFOPLIST_KEY_UILaunchStoryboardName = LaunchScreen;
				INFOPLIST_KEY_UIMainStoryboardFile = Main;
				INFOPLIST_KEY_UISupportedInterfaceOrientations_iPad = "UIInterfaceOrientationPortrait UIInterfaceOrientationPortraitUpsideDown UIInterfaceOrientationLandscapeLeft UIInterfaceOrientationLandscapeRight";
				INFOPLIST_KEY_UISupportedInterfaceOrientations_iPhone = "UIInterfaceOrientationPortrait UIInterfaceOrientationLandscapeLeft UIInterfaceOrientationLandscapeRight";
				LD_RUNPATH_SEARCH_PATHS = (
					"$(inherited)",
					"@executable_path/Frameworks",
				);
				MARKETING_VERSION = 1.0;
				PRODUCT_BUNDLE_IDENTIFIER = "com.osuna.Udemy-Xcode";
				PRODUCT_NAME = "$(TARGET_NAME)";
				SWIFT_EMIT_LOC_STRINGS = YES;
				SWIFT_VERSION = 5.0;
				TARGETED_DEVICE_FAMILY = "1,2";
			};
			name = Debug;
		};
		090A2B842BB3B9A700B46BA4 /* Release */ = {
			isa = XCBuildConfiguration;
			buildSettings = {
				ASSETCATALOG_COMPILER_APPICON_NAME = AppIcon;
				ASSETCATALOG_COMPILER_GLOBAL_ACCENT_COLOR_NAME = AccentColor;
				CODE_SIGN_STYLE = Automatic;
				CURRENT_PROJECT_VERSION = 1;
				DEVELOPMENT_TEAM = 26S4H7XC42;
				GENERATE_INFOPLIST_FILE = YES;
				INFOPLIST_FILE = "Udemy Xcode/Info.plist";
				INFOPLIST_KEY_UIApplicationSupportsIndirectInputEvents = YES;
				INFOPLIST_KEY_UILaunchStoryboardName = LaunchScreen;
				INFOPLIST_KEY_UIMainStoryboardFile = Main;
				INFOPLIST_KEY_UISupportedInterfaceOrientations_iPad = "UIInterfaceOrientationPortrait UIInterfaceOrientationPortraitUpsideDown UIInterfaceOrientationLandscapeLeft UIInterfaceOrientationLandscapeRight";
				INFOPLIST_KEY_UISupportedInterfaceOrientations_iPhone = "UIInterfaceOrientationPortrait UIInterfaceOrientationLandscapeLeft UIInterfaceOrientationLandscapeRight";
				LD_RUNPATH_SEARCH_PATHS = (
					"$(inherited)",
					"@executable_path/Frameworks",
				);
				MARKETING_VERSION = 1.0;
				PRODUCT_BUNDLE_IDENTIFIER = "com.osuna.Udemy-Xcode";
				PRODUCT_NAME = "$(TARGET_NAME)";
				SWIFT_EMIT_LOC_STRINGS = YES;
				SWIFT_VERSION = 5.0;
				TARGETED_DEVICE_FAMILY = "1,2";
			};
			name = Release;
		};
		090A2B862BB3B9A700B46BA4 /* Debug */ = {
			isa = XCBuildConfiguration;
			buildSettings = {
				ALWAYS_EMBED_SWIFT_STANDARD_LIBRARIES = YES;
				BUNDLE_LOADER = "$(TEST_HOST)";
				CODE_SIGN_STYLE = Automatic;
				CURRENT_PROJECT_VERSION = 1;
				DEVELOPMENT_TEAM = 26S4H7XC42;
				GENERATE_INFOPLIST_FILE = YES;
				IPHONEOS_DEPLOYMENT_TARGET = 17.4;
				MARKETING_VERSION = 1.0;
				PRODUCT_BUNDLE_IDENTIFIER = "com.osuna.Udemy-XcodeTests";
				PRODUCT_NAME = "$(TARGET_NAME)";
				SWIFT_EMIT_LOC_STRINGS = NO;
				SWIFT_VERSION = 5.0;
				TARGETED_DEVICE_FAMILY = "1,2";
				TEST_HOST = "$(BUILT_PRODUCTS_DIR)/Udemy Xcode.app/$(BUNDLE_EXECUTABLE_FOLDER_PATH)/Udemy Xcode";
			};
			name = Debug;
		};
		090A2B872BB3B9A700B46BA4 /* Release */ = {
			isa = XCBuildConfiguration;
			buildSettings = {
				ALWAYS_EMBED_SWIFT_STANDARD_LIBRARIES = YES;
				BUNDLE_LOADER = "$(TEST_HOST)";
				CODE_SIGN_STYLE = Automatic;
				CURRENT_PROJECT_VERSION = 1;
				DEVELOPMENT_TEAM = 26S4H7XC42;
				GENERATE_INFOPLIST_FILE = YES;
				IPHONEOS_DEPLOYMENT_TARGET = 17.4;
				MARKETING_VERSION = 1.0;
				PRODUCT_BUNDLE_IDENTIFIER = "com.osuna.Udemy-XcodeTests";
				PRODUCT_NAME = "$(TARGET_NAME)";
				SWIFT_EMIT_LOC_STRINGS = NO;
				SWIFT_VERSION = 5.0;
				TARGETED_DEVICE_FAMILY = "1,2";
				TEST_HOST = "$(BUILT_PRODUCTS_DIR)/Udemy Xcode.app/$(BUNDLE_EXECUTABLE_FOLDER_PATH)/Udemy Xcode";
			};
			name = Release;
		};
		090A2B892BB3B9A700B46BA4 /* Debug */ = {
			isa = XCBuildConfiguration;
			buildSettings = {
				ALWAYS_EMBED_SWIFT_STANDARD_LIBRARIES = YES;
				CODE_SIGN_STYLE = Automatic;
				CURRENT_PROJECT_VERSION = 1;
				DEVELOPMENT_TEAM = 26S4H7XC42;
				GENERATE_INFOPLIST_FILE = YES;
				MARKETING_VERSION = 1.0;
				PRODUCT_BUNDLE_IDENTIFIER = "com.osuna.Udemy-XcodeUITests";
				PRODUCT_NAME = "$(TARGET_NAME)";
				SWIFT_EMIT_LOC_STRINGS = NO;
				SWIFT_VERSION = 5.0;
				TARGETED_DEVICE_FAMILY = "1,2";
				TEST_TARGET_NAME = "Udemy Xcode";
			};
			name = Debug;
		};
		090A2B8A2BB3B9A700B46BA4 /* Release */ = {
			isa = XCBuildConfiguration;
			buildSettings = {
				ALWAYS_EMBED_SWIFT_STANDARD_LIBRARIES = YES;
				CODE_SIGN_STYLE = Automatic;
				CURRENT_PROJECT_VERSION = 1;
				DEVELOPMENT_TEAM = 26S4H7XC42;
				GENERATE_INFOPLIST_FILE = YES;
				MARKETING_VERSION = 1.0;
				PRODUCT_BUNDLE_IDENTIFIER = "com.osuna.Udemy-XcodeUITests";
				PRODUCT_NAME = "$(TARGET_NAME)";
				SWIFT_EMIT_LOC_STRINGS = NO;
				SWIFT_VERSION = 5.0;
				TARGETED_DEVICE_FAMILY = "1,2";
				TEST_TARGET_NAME = "Udemy Xcode";
			};
			name = Release;
		};
/* End XCBuildConfiguration section */

/* Begin XCConfigurationList section */
		090A2B532BB3B99B00B46BA4 /* Build configuration list for PBXProject "Udemy Xcode" */ = {
			isa = XCConfigurationList;
			buildConfigurations = (
				090A2B802BB3B9A700B46BA4 /* Debug */,
				090A2B812BB3B9A700B46BA4 /* Release */,
			);
			defaultConfigurationIsVisible = 0;
			defaultConfigurationName = Release;
		};
		090A2B822BB3B9A700B46BA4 /* Build configuration list for PBXNativeTarget "Udemy Xcode" */ = {
			isa = XCConfigurationList;
			buildConfigurations = (
				090A2B832BB3B9A700B46BA4 /* Debug */,
				090A2B842BB3B9A700B46BA4 /* Release */,
			);
			defaultConfigurationIsVisible = 0;
			defaultConfigurationName = Release;
		};
		090A2B852BB3B9A700B46BA4 /* Build configuration list for PBXNativeTarget "Udemy XcodeTests" */ = {
			isa = XCConfigurationList;
			buildConfigurations = (
				090A2B862BB3B9A700B46BA4 /* Debug */,
				090A2B872BB3B9A700B46BA4 /* Release */,
			);
			defaultConfigurationIsVisible = 0;
			defaultConfigurationName = Release;
		};
		090A2B882BB3B9A700B46BA4 /* Build configuration list for PBXNativeTarget "Udemy XcodeUITests" */ = {
			isa = XCConfigurationList;
			buildConfigurations = (
				090A2B892BB3B9A700B46BA4 /* Debug */,
				090A2B8A2BB3B9A700B46BA4 /* Release */,
			);
			defaultConfigurationIsVisible = 0;
			defaultConfigurationName = Release;
		};
/* End XCConfigurationList section */
	};
	rootObject = 090A2B502BB3B99B00B46BA4 /* Project object */;
}
